
Microsoft Visual Studio Solution File, Format Version 12.00
# Visual Studio Version 16
VisualStudioVersion = 16.0.32602.291
MinimumVisualStudioVersion = 10.0.40219.1
Project("{F2A71F9B-5D33-465A-A702-920D77279786}") = "eTicketsII", "eTicketsII\eTicketsII.fsproj", "{99953784-4775-4C3E-906C-036D70B5DAEC}"
EndProject
Global
	GlobalSection(SolutionConfigurationPlatforms) = preSolution
		Debug|Any CPU = Debug|Any CPU
		Release|Any CPU = Release|Any CPU
	EndGlobalSection
	GlobalSection(ProjectConfigurationPlatforms) = postSolution
		{99953784-4775-4C3E-906C-036D70B5DAEC}.Debug|Any CPU.ActiveCfg = Debug|Any CPU
		{99953784-4775-4C3E-906C-036D70B5DAEC}.Debug|Any CPU.Build.0 = Debug|Any CPU
		{99953784-4775-4C3E-906C-036D70B5DAEC}.Release|Any CPU.ActiveCfg = Release|Any CPU
		{99953784-4775-4C3E-906C-036D70B5DAEC}.Release|Any CPU.Build.0 = Release|Any CPU
	EndGlobalSection
	GlobalSection(SolutionProperties) = preSolution
		HideSolutionNode = FALSE
	EndGlobalSection
	GlobalSection(ExtensibilityGlobals) = postSolution
		SolutionGuid = {6E78A1E2-8C3F-45F0-B962-1392F932670F}
	EndGlobalSection
EndGlobal
